
Microsoft Visual Studio Solution File, Format Version 12.00
# Visual Studio Version 17
VisualStudioVersion = 17.5.33424.131
MinimumVisualStudioVersion = 10.0.40219.1
Project("{FAE04EC0-301F-11D3-BF4B-00C04F79EFBC}") = "Piano_UI", "Piano_UI\Piano_UI.csproj", "{0B9EC20C-1C44-4768-B3F2-93FA67246F3E}"
EndProject
Global
	GlobalSection(SolutionConfigurationPlatforms) = preSolution
		Debug|Any CPU = Debug|Any CPU
		Release|Any CPU = Release|Any CPU
	EndGlobalSection
	GlobalSection(ProjectConfigurationPlatforms) = postSolution
		{0B9EC20C-1C44-4768-B3F2-93FA67246F3E}.Debug|Any CPU.ActiveCfg = Debug|Any CPU
		{0B9EC20C-1C44-4768-B3F2-93FA67246F3E}.Debug|Any CPU.Build.0 = Debug|Any CPU
		{0B9EC20C-1C44-4768-B3F2-93FA67246F3E}.Release|Any CPU.ActiveCfg = Release|Any CPU
		{0B9EC20C-1C44-4768-B3F2-93FA67246F3E}.Release|Any CPU.Build.0 = Release|Any CPU
	EndGlobalSection
	GlobalSection(SolutionProperties) = preSolution
		HideSolutionNode = FALSE
	EndGlobalSection
	GlobalSection(ExtensibilityGlobals) = postSolution
		SolutionGuid = {E6DA3E14-C45D-4FB9-9920-F3420021DE1B}
	EndGlobalSection
EndGlobal
